
Microsoft Visual Studio Solution File, Format Version 12.00
# Visual Studio Version 17
VisualStudioVersion = 17.7.34202.233
MinimumVisualStudioVersion = 10.0.40219.1
Project("{FAE04EC0-301F-11D3-BF4B-00C04F79EFBC}") = "MultiThreading", "MultiThreading\MultiThreading.csproj", "{62AFAD8B-8CBA-488D-A3C6-61F962DCDF5C}"
EndProject
Project("{FAE04EC0-301F-11D3-BF4B-00C04F79EFBC}") = "uiLayer", "uiLayer\uiLayer.csproj", "{E5D4BC68-E345-4313-9A1F-6F516958249F}"
EndProject
Global
	GlobalSection(SolutionConfigurationPlatforms) = preSolution
		Debug|Any CPU = Debug|Any CPU
		Release|Any CPU = Release|Any CPU
	EndGlobalSection
	GlobalSection(ProjectConfigurationPlatforms) = postSolution
		{62AFAD8B-8CBA-488D-A3C6-61F962DCDF5C}.Debug|Any CPU.ActiveCfg = Debug|Any CPU
		{62AFAD8B-8CBA-488D-A3C6-61F962DCDF5C}.Debug|Any CPU.Build.0 = Debug|Any CPU
		{62AFAD8B-8CBA-488D-A3C6-61F962DCDF5C}.Release|Any CPU.ActiveCfg = Release|Any CPU
		{62AFAD8B-8CBA-488D-A3C6-61F962DCDF5C}.Release|Any CPU.Build.0 = Release|Any CPU
		{E5D4BC68-E345-4313-9A1F-6F516958249F}.Debug|Any CPU.ActiveCfg = Debug|Any CPU
		{E5D4BC68-E345-4313-9A1F-6F516958249F}.Debug|Any CPU.Build.0 = Debug|Any CPU
		{E5D4BC68-E345-4313-9A1F-6F516958249F}.Release|Any CPU.ActiveCfg = Release|Any CPU
		{E5D4BC68-E345-4313-9A1F-6F516958249F}.Release|Any CPU.Build.0 = Release|Any CPU
	EndGlobalSection
	GlobalSection(SolutionProperties) = preSolution
		HideSolutionNode = FALSE
	EndGlobalSection
	GlobalSection(ExtensibilityGlobals) = postSolution
		SolutionGuid = {264DA3E9-D936-40F0-A8C2-2BA8561CBC5D}
	EndGlobalSection
EndGlobal
